
Microsoft Visual Studio Solution File, Format Version 12.00
# Visual Studio Version 16
VisualStudioVersion = 25.0.1705.2
MinimumVisualStudioVersion = 10.0.40219.1
Project("{FAE04EC0-301F-11D3-BF4B-00C04F79EFBC}") = "PasswordTask", "PasswordTask\PasswordTask.csproj", "{9A99657E-9218-474F-9749-597B562CC38D}"
EndProject
Global
	GlobalSection(SolutionConfigurationPlatforms) = preSolution
		Debug|Any CPU = Debug|Any CPU
		Release|Any CPU = Release|Any CPU
	EndGlobalSection
	GlobalSection(ProjectConfigurationPlatforms) = postSolution
		{9A99657E-9218-474F-9749-597B562CC38D}.Debug|Any CPU.ActiveCfg = Debug|Any CPU
		{9A99657E-9218-474F-9749-597B562CC38D}.Debug|Any CPU.Build.0 = Debug|Any CPU
		{9A99657E-9218-474F-9749-597B562CC38D}.Release|Any CPU.ActiveCfg = Release|Any CPU
		{9A99657E-9218-474F-9749-597B562CC38D}.Release|Any CPU.Build.0 = Release|Any CPU
	EndGlobalSection
	GlobalSection(SolutionProperties) = preSolution
		HideSolutionNode = FALSE
	EndGlobalSection
	GlobalSection(ExtensibilityGlobals) = postSolution
		SolutionGuid = {5633B33C-AD0C-4190-A083-7F5282DC213D}
	EndGlobalSection
EndGlobal
